
Microsoft Visual Studio Solution File, Format Version 12.00
# Visual Studio Version 16
VisualStudioVersion = 16.0.29613.14
MinimumVisualStudioVersion = 10.0.40219.1
Project("{FAE04EC0-301F-11D3-BF4B-00C04F79EFBC}") = "MyProfileBackend", "MyProfileBackend\MyProfileBackend.csproj", "{BE4EBF32-4B1D-4DB5-8093-AC1E36706065}"
EndProject
Global
	GlobalSection(SolutionConfigurationPlatforms) = preSolution
		Debug|Any CPU = Debug|Any CPU
		Release|Any CPU = Release|Any CPU
	EndGlobalSection
	GlobalSection(ProjectConfigurationPlatforms) = postSolution
		{BE4EBF32-4B1D-4DB5-8093-AC1E36706065}.Debug|Any CPU.ActiveCfg = Debug|Any CPU
		{BE4EBF32-4B1D-4DB5-8093-AC1E36706065}.Debug|Any CPU.Build.0 = Debug|Any CPU
		{BE4EBF32-4B1D-4DB5-8093-AC1E36706065}.Release|Any CPU.ActiveCfg = Release|Any CPU
		{BE4EBF32-4B1D-4DB5-8093-AC1E36706065}.Release|Any CPU.Build.0 = Release|Any CPU
	EndGlobalSection
	GlobalSection(SolutionProperties) = preSolution
		HideSolutionNode = FALSE
	EndGlobalSection
	GlobalSection(ExtensibilityGlobals) = postSolution
		SolutionGuid = {40BF0F21-DA73-4A18-A356-198B5B882E71}
	EndGlobalSection
EndGlobal
